
Microsoft Visual Studio Solution File, Format Version 12.00
# Visual Studio Version 17
VisualStudioVersion = 17.4.33110.190
MinimumVisualStudioVersion = 10.0.40219.1
Project("{FAE04EC0-301F-11D3-BF4B-00C04F79EFBC}") = "UniversityProgram", "UniversityProgram\UniversityProgram.csproj", "{DAB637FD-AB6C-4279-9B5A-26FEDFFC2B44}"
EndProject
Project("{FAE04EC0-301F-11D3-BF4B-00C04F79EFBC}") = "UniversityClassLibrary", "UniversityClassLibrary\UniversityClassLibrary.csproj", "{BCB77264-1AA1-420D-8D92-C1FFB805A5EB}"
EndProject
Project("{FAE04EC0-301F-11D3-BF4B-00C04F79EFBC}") = "UniversityUnitTests", "UniversityUnitTests\UniversityUnitTests.csproj", "{D526D3EB-7E24-470A-B4E1-F0B516EC6BB6}"
EndProject
Global
	GlobalSection(SolutionConfigurationPlatforms) = preSolution
		Debug|Any CPU = Debug|Any CPU
		Release|Any CPU = Release|Any CPU
	EndGlobalSection
	GlobalSection(ProjectConfigurationPlatforms) = postSolution
		{DAB637FD-AB6C-4279-9B5A-26FEDFFC2B44}.Debug|Any CPU.ActiveCfg = Debug|Any CPU
		{DAB637FD-AB6C-4279-9B5A-26FEDFFC2B44}.Debug|Any CPU.Build.0 = Debug|Any CPU
		{DAB637FD-AB6C-4279-9B5A-26FEDFFC2B44}.Release|Any CPU.ActiveCfg = Release|Any CPU
		{DAB637FD-AB6C-4279-9B5A-26FEDFFC2B44}.Release|Any CPU.Build.0 = Release|Any CPU
		{BCB77264-1AA1-420D-8D92-C1FFB805A5EB}.Debug|Any CPU.ActiveCfg = Debug|Any CPU
		{BCB77264-1AA1-420D-8D92-C1FFB805A5EB}.Debug|Any CPU.Build.0 = Debug|Any CPU
		{BCB77264-1AA1-420D-8D92-C1FFB805A5EB}.Release|Any CPU.ActiveCfg = Release|Any CPU
		{BCB77264-1AA1-420D-8D92-C1FFB805A5EB}.Release|Any CPU.Build.0 = Release|Any CPU
		{D526D3EB-7E24-470A-B4E1-F0B516EC6BB6}.Debug|Any CPU.ActiveCfg = Debug|Any CPU
		{D526D3EB-7E24-470A-B4E1-F0B516EC6BB6}.Debug|Any CPU.Build.0 = Debug|Any CPU
		{D526D3EB-7E24-470A-B4E1-F0B516EC6BB6}.Release|Any CPU.ActiveCfg = Release|Any CPU
		{D526D3EB-7E24-470A-B4E1-F0B516EC6BB6}.Release|Any CPU.Build.0 = Release|Any CPU
	EndGlobalSection
	GlobalSection(SolutionProperties) = preSolution
		HideSolutionNode = FALSE
	EndGlobalSection
	GlobalSection(ExtensibilityGlobals) = postSolution
		SolutionGuid = {80AEBE18-C2DB-4E78-B856-331E80C1E235}
	EndGlobalSection
EndGlobal
